
Microsoft Visual Studio Solution File, Format Version 12.00
# Visual Studio Version 16
VisualStudioVersion = 16.0.31402.337
MinimumVisualStudioVersion = 10.0.40219.1
Project("{8BC9CEB8-8B4A-11D0-8D11-00A0C91BC942}") = "HeadlessGO", "HeadlessGO\HeadlessGO.vcxproj", "{4D74F262-9540-4C23-92C8-C41CF04E008F}"
EndProject
Global
	GlobalSection(SolutionConfigurationPlatforms) = preSolution
		Debug|x64 = Debug|x64
		Debug|x86 = Debug|x86
		Release|x64 = Release|x64
		Release|x86 = Release|x86
	EndGlobalSection
	GlobalSection(ProjectConfigurationPlatforms) = postSolution
		{4D74F262-9540-4C23-92C8-C41CF04E008F}.Debug|x64.ActiveCfg = Debug|x64
		{4D74F262-9540-4C23-92C8-C41CF04E008F}.Debug|x64.Build.0 = Debug|x64
		{4D74F262-9540-4C23-92C8-C41CF04E008F}.Debug|x86.ActiveCfg = Debug|Win32
		{4D74F262-9540-4C23-92C8-C41CF04E008F}.Debug|x86.Build.0 = Debug|Win32
		{4D74F262-9540-4C23-92C8-C41CF04E008F}.Release|x64.ActiveCfg = Release|x64
		{4D74F262-9540-4C23-92C8-C41CF04E008F}.Release|x64.Build.0 = Release|x64
		{4D74F262-9540-4C23-92C8-C41CF04E008F}.Release|x86.ActiveCfg = Release|Win32
		{4D74F262-9540-4C23-92C8-C41CF04E008F}.Release|x86.Build.0 = Release|Win32
	EndGlobalSection
	GlobalSection(SolutionProperties) = preSolution
		HideSolutionNode = FALSE
	EndGlobalSection
	GlobalSection(ExtensibilityGlobals) = postSolution
		SolutionGuid = {D2B01A6A-3C44-4489-8928-3B390FFE9A49}
	EndGlobalSection
EndGlobal
